
Microsoft Visual Studio Solution File, Format Version 12.00
# Visual Studio 14
VisualStudioVersion = 14.0.23107.0
MinimumVisualStudioVersion = 10.0.40219.1
Project("{FAE04EC0-301F-11D3-BF4B-00C04F79EFBC}") = "Pixi-DotNet-ClassLibrary", "Pixi-DotNet-ClassLibrary\Pixi-DotNet-ClassLibrary.csproj", "{AEBD54CB-C5EA-4F28-878D-E405067515DF}"
EndProject
Project("{FAE04EC0-301F-11D3-BF4B-00C04F79EFBC}") = "Pixi-DotNet-ClassLibrary-UnitTest", "Pixi-DotNet-ClassLibrary-UnitTest\Pixi-DotNet-ClassLibrary-UnitTest.csproj", "{A0B01CD7-4705-4782-83CB-FEA1A55BA013}"
EndProject
Project("{FAE04EC0-301F-11D3-BF4B-00C04F79EFBC}") = "SampleConsoleApp1", "ConsoleApplication1\SampleConsoleApp1.csproj", "{1A4C0592-0286-4ACB-BC20-AC2FD19BC64E}"
EndProject
Global
	GlobalSection(SolutionConfigurationPlatforms) = preSolution
		Debug|Any CPU = Debug|Any CPU
		Release|Any CPU = Release|Any CPU
	EndGlobalSection
	GlobalSection(ProjectConfigurationPlatforms) = postSolution
		{AEBD54CB-C5EA-4F28-878D-E405067515DF}.Debug|Any CPU.ActiveCfg = Debug|Any CPU
		{AEBD54CB-C5EA-4F28-878D-E405067515DF}.Debug|Any CPU.Build.0 = Debug|Any CPU
		{AEBD54CB-C5EA-4F28-878D-E405067515DF}.Release|Any CPU.ActiveCfg = Release|Any CPU
		{AEBD54CB-C5EA-4F28-878D-E405067515DF}.Release|Any CPU.Build.0 = Release|Any CPU
		{A0B01CD7-4705-4782-83CB-FEA1A55BA013}.Debug|Any CPU.ActiveCfg = Debug|Any CPU
		{A0B01CD7-4705-4782-83CB-FEA1A55BA013}.Debug|Any CPU.Build.0 = Debug|Any CPU
		{A0B01CD7-4705-4782-83CB-FEA1A55BA013}.Release|Any CPU.ActiveCfg = Release|Any CPU
		{A0B01CD7-4705-4782-83CB-FEA1A55BA013}.Release|Any CPU.Build.0 = Release|Any CPU
		{1A4C0592-0286-4ACB-BC20-AC2FD19BC64E}.Debug|Any CPU.ActiveCfg = Debug|Any CPU
		{1A4C0592-0286-4ACB-BC20-AC2FD19BC64E}.Debug|Any CPU.Build.0 = Debug|Any CPU
		{1A4C0592-0286-4ACB-BC20-AC2FD19BC64E}.Release|Any CPU.ActiveCfg = Release|Any CPU
		{1A4C0592-0286-4ACB-BC20-AC2FD19BC64E}.Release|Any CPU.Build.0 = Release|Any CPU
	EndGlobalSection
	GlobalSection(SolutionProperties) = preSolution
		HideSolutionNode = FALSE
	EndGlobalSection
EndGlobal
